Microsoft Visual Studio Solution File, Format Version 11.00
# Visual Studio 2008

Project("{D0CB96FB-4449-692B-7100-53953DA6AB92}") = "ClashOfClanRIP", "Assembly-CSharp.csproj", "{A9A41791-119C-CFFA-B65B-61FBF95059AE}"
EndProject
Project("{D0CB96FB-4449-692B-7100-53953DA6AB92}") = "ClashOfClanRIP", "Assembly-CSharp-Editor.csproj", "{8810A394-006D-D670-5F97-7FFA319CC087}"
EndProject
Project("{D0CB96FB-4449-692B-7100-53953DA6AB92}") = "ClashOfClanRIP", "Assembly-UnityScript.unityproj", "{780F9C88-1598-D0B8-8B81-9BA31C52FFDD}"
EndProject
Project("{D0CB96FB-4449-692B-7100-53953DA6AB92}") = "ClashOfClanRIP", "Assembly-UnityScript-Editor.unityproj", "{F6E86768-186B-FEA0-52F2-F77F5863C374}"
EndProject
Global
	GlobalSection(SolutionConfigurationPlatforms) = preSolution
		Debug|Any CPU = Debug|Any CPU
		Release|Any CPU = Release|Any CPU
	EndGlobalSection
	GlobalSection(ProjectConfigurationPlatforms) = postSolution
		{A9A41791-119C-CFFA-B65B-61FBF95059AE}.Debug|Any CPU.ActiveCfg = Debug|Any CPU
		{A9A41791-119C-CFFA-B65B-61FBF95059AE}.Debug|Any CPU.Build.0 = Debug|Any CPU
		{A9A41791-119C-CFFA-B65B-61FBF95059AE}.Release|Any CPU.ActiveCfg = Release|Any CPU
		{A9A41791-119C-CFFA-B65B-61FBF95059AE}.Release|Any CPU.Build.0 = Release|Any CPU
		{8810A394-006D-D670-5F97-7FFA319CC087}.Debug|Any CPU.ActiveCfg = Debug|Any CPU
		{8810A394-006D-D670-5F97-7FFA319CC087}.Debug|Any CPU.Build.0 = Debug|Any CPU
		{8810A394-006D-D670-5F97-7FFA319CC087}.Release|Any CPU.ActiveCfg = Release|Any CPU
		{8810A394-006D-D670-5F97-7FFA319CC087}.Release|Any CPU.Build.0 = Release|Any CPU
		{780F9C88-1598-D0B8-8B81-9BA31C52FFDD}.Debug|Any CPU.ActiveCfg = Debug|Any CPU
		{780F9C88-1598-D0B8-8B81-9BA31C52FFDD}.Debug|Any CPU.Build.0 = Debug|Any CPU
		{780F9C88-1598-D0B8-8B81-9BA31C52FFDD}.Release|Any CPU.ActiveCfg = Release|Any CPU
		{780F9C88-1598-D0B8-8B81-9BA31C52FFDD}.Release|Any CPU.Build.0 = Release|Any CPU
		{F6E86768-186B-FEA0-52F2-F77F5863C374}.Debug|Any CPU.ActiveCfg = Debug|Any CPU
		{F6E86768-186B-FEA0-52F2-F77F5863C374}.Debug|Any CPU.Build.0 = Debug|Any CPU
		{F6E86768-186B-FEA0-52F2-F77F5863C374}.Release|Any CPU.ActiveCfg = Release|Any CPU
		{F6E86768-186B-FEA0-52F2-F77F5863C374}.Release|Any CPU.Build.0 = Release|Any CPU
	EndGlobalSection
	GlobalSection(SolutionProperties) = preSolution
		HideSolutionNode = FALSE
	EndGlobalSection
																GlobalSection(MonoDevelopProperties) = preSolution
		StartupItem = Assembly-CSharp.csproj
		Policies = $0
		$0.TextStylePolicy = $1
		$1.inheritsSet = null
		$1.scope = text/x-csharp
		$0.CSharpFormattingPolicy = $2
		$2.inheritsSet = Mono
		$2.inheritsScope = text/x-csharp
		$2.scope = text/x-csharp
		$0.TextStylePolicy = $3
		$3.FileWidth = 120
		$3.TabWidth = 4
		$3.EolMarker = Unix
		$3.inheritsSet = Mono
		$3.inheritsScope = text/plain
		$3.scope = text/plain
	EndGlobalSection

EndGlobal
